
Microsoft Visual Studio Solution File, Format Version 12.00
# Visual Studio Version 16
VisualStudioVersion = 16.0.30517.126
MinimumVisualStudioVersion = 10.0.40219.1
Project("{FAE04EC0-301F-11D3-BF4B-00C04F79EFBC}") = "SPM_WebClient", "SPM_WebClient\SPM_WebClient.csproj", "{8613EDF7-E715-4CDF-9FF5-6577F06BD3BF}"
EndProject
Global
	GlobalSection(SolutionConfigurationPlatforms) = preSolution
		Debug|Any CPU = Debug|Any CPU
		Release|Any CPU = Release|Any CPU
	EndGlobalSection
	GlobalSection(ProjectConfigurationPlatforms) = postSolution
		{8613EDF7-E715-4CDF-9FF5-6577F06BD3BF}.Debug|Any CPU.ActiveCfg = Debug|Any CPU
		{8613EDF7-E715-4CDF-9FF5-6577F06BD3BF}.Debug|Any CPU.Build.0 = Debug|Any CPU
		{8613EDF7-E715-4CDF-9FF5-6577F06BD3BF}.Release|Any CPU.ActiveCfg = Release|Any CPU
		{8613EDF7-E715-4CDF-9FF5-6577F06BD3BF}.Release|Any CPU.Build.0 = Release|Any CPU
	EndGlobalSection
	GlobalSection(SolutionProperties) = preSolution
		HideSolutionNode = FALSE
	EndGlobalSection
	GlobalSection(ExtensibilityGlobals) = postSolution
		SolutionGuid = {FDD9B4C2-6CFE-4C0B-B989-926C82543861}
	EndGlobalSection
EndGlobal
